{
  "name": "qr-gen",
  "version": "1.0.0",
  "lockfileVersion": 3,
  "requires": true,
  "packages": {
    "": {
      "name": "qr-gen",
      "version": "1.0.0",
      "license": "ISC",
      "dependencies": {
        "commander": "^11.1.0",
        "qrcode-svg": "^1.1.0",
        "valid-url": "^1.0.9"
      },
      "devDependencies": {
        "@types/node": "^20.9.4",
        "@types/qrcode-svg": "^1.1.4",
        "@types/valid-url": "^1.0.7",
        "typescript": "^5.3.2"
      }
    },
    "node_modules/@types/node": {
      "version": "20.9.4",
      "resolved": "https://registry.npmjs.org/@types/node/-/node-20.9.4.tgz",
      "integrity": "sha512-wmyg8HUhcn6ACjsn8oKYjkN/zUzQeNtMy44weTJSM6p4MMzEOuKbA3OjJ267uPCOW7Xex9dyrNTful8XTQYoDA==",
      "dev": true,
      "dependencies": {
        "undici-types": "~5.26.4"
      }
    },
    "node_modules/@types/qrcode-svg": {
      "version": "1.1.4",
      "resolved": "https://registry.npmjs.org/@types/qrcode-svg/-/qrcode-svg-1.1.4.tgz",
      "integrity": "sha512-gh+atEBHXpU5iO72Tg4q03YdGKoY0zH1Yr4mGl+NSzFpyPuJcgurs8F3aRpH0Gs93GFuB1rDoQj6U4Xshn72PA==",
      "dev": true
    },
    "node_modules/@types/valid-url": {
      "version": "1.0.7",
      "resolved": "https://registry.npmjs.org/@types/valid-url/-/valid-url-1.0.7.tgz",
      "integrity": "sha512-tgsWVG80dM5PVEBSbXUttPJTBCOo0IKbBh4R4z/SHsC5C81A3aaUH4fsbj+JYk7fopApU/Mao1c0EWTE592TSg==",
      "dev": true
    },
    "node_modules/commander": {
      "version": "11.1.0",
      "resolved": "https://registry.npmjs.org/commander/-/commander-11.1.0.tgz",
      "integrity": "sha512-yPVavfyCcRhmorC7rWlkHn15b4wDVgVmBA7kV4QVBsF7kv/9TKJAbAXVTxvTnwP8HHKjRCJDClKbciiYS7p0DQ==",
      "engines": {
        "node": ">=16"
      }
    },
    "node_modules/qrcode-svg": {
      "version": "1.1.0",
      "resolved": "https://registry.npmjs.org/qrcode-svg/-/qrcode-svg-1.1.0.tgz",
      "integrity": "sha512-XyQCIXux1zEIA3NPb0AeR8UMYvXZzWEhgdBgBjH9gO7M48H9uoHzviNz8pXw3UzrAcxRRRn9gxHewAVK7bn9qw==",
      "bin": {
        "qrcode-svg": "bin/qrcode-svg.js"
      }
    },
    "node_modules/typescript": {
      "version": "5.3.2",
      "resolved": "https://registry.npmjs.org/typescript/-/typescript-5.3.2.tgz",
      "integrity": "sha512-6l+RyNy7oAHDfxC4FzSJcz9vnjTKxrLpDG5M2Vu4SHRVNg6xzqZp6LYSR9zjqQTu8DU/f5xwxUdADOkbrIX2gQ==",
      "dev": true,
      "bin": {
        "tsc": "bin/tsc",
        "tsserver": "bin/tsserver"
      },
      "engines": {
        "node": ">=14.17"
      }
    },
    "node_modules/undici-types": {
      "version": "5.26.5",
      "resolved": "https://registry.npmjs.org/undici-types/-/undici-types-5.26.5.tgz",
      "integrity": "sha512-JlCMO+ehdEIKqlFxk6IfVoAUVmgz7cU7zD/h9XZ0qzeosSHmUJVOzSQvvYSYWXkFXC+IfLKSIffhv0sVZup6pA==",
      "dev": true
    },
    "node_modules/valid-url": {
      "version": "1.0.9",
      "resolved": "https://registry.npmjs.org/valid-url/-/valid-url-1.0.9.tgz",
      "integrity": "sha512-QQDsV8OnSf5Uc30CKSwG9lnhMPe6exHtTXLRYX8uMwKENy640pU+2BgBL0LRbDh/eYRahNCS7aewCx0wf3NYVA=="
    }
  }
}
